
Microsoft Visual Studio Solution File, Format Version 12.00
# Visual Studio Version 17
VisualStudioVersion = 17.13.35919.96
MinimumVisualStudioVersion = 10.0.40219.1
Project("{FAE04EC0-301F-11D3-BF4B-00C04F79EFBC}") = "WEATHER.API", "Src\WEATHER.API\WEATHER.API.csproj", "{D5BE8556-5462-4125-9056-EE22903648F7}"
EndProject
Project("{FAE04EC0-301F-11D3-BF4B-00C04F79EFBC}") = "WEATHER.API.Tests", "Tests\WEATHER.API.Tests\WEATHER.API.Tests.csproj", "{332ABDED-D6E5-EA77-2A21-A75E5D9DBDC9}"
EndProject
Global
	GlobalSection(SolutionConfigurationPlatforms) = preSolution
		Debug|Any CPU = Debug|Any CPU
		Release|Any CPU = Release|Any CPU
	EndGlobalSection
	GlobalSection(ProjectConfigurationPlatforms) = postSolution
		{D5BE8556-5462-4125-9056-EE22903648F7}.Debug|Any CPU.ActiveCfg = Debug|Any CPU
		{D5BE8556-5462-4125-9056-EE22903648F7}.Debug|Any CPU.Build.0 = Debug|Any CPU
		{D5BE8556-5462-4125-9056-EE22903648F7}.Release|Any CPU.ActiveCfg = Release|Any CPU
		{D5BE8556-5462-4125-9056-EE22903648F7}.Release|Any CPU.Build.0 = Release|Any CPU
		{332ABDED-D6E5-EA77-2A21-A75E5D9DBDC9}.Debug|Any CPU.ActiveCfg = Debug|Any CPU
		{332ABDED-D6E5-EA77-2A21-A75E5D9DBDC9}.Debug|Any CPU.Build.0 = Debug|Any CPU
		{332ABDED-D6E5-EA77-2A21-A75E5D9DBDC9}.Release|Any CPU.ActiveCfg = Release|Any CPU
		{332ABDED-D6E5-EA77-2A21-A75E5D9DBDC9}.Release|Any CPU.Build.0 = Release|Any CPU
	EndGlobalSection
	GlobalSection(SolutionProperties) = preSolution
		HideSolutionNode = FALSE
	EndGlobalSection
	GlobalSection(ExtensibilityGlobals) = postSolution
		SolutionGuid = {8C4FB504-CCF6-45FD-A255-43ACB561F5A3}
	EndGlobalSection
EndGlobal
